
Microsoft Visual Studio Solution File, Format Version 12.00
# Visual Studio 15
VisualStudioVersion = 15.0.28307.779
MinimumVisualStudioVersion = 10.0.40219.1
Project("{FAE04EC0-301F-11D3-BF4B-00C04F79EFBC}") = "TaskManagerAPI", "TaskManagerAPI\TaskManagerAPI.csproj", "{E00984E1-33A0-4BD8-94B8-3C733053C43E}"
EndProject
Global
	GlobalSection(SolutionConfigurationPlatforms) = preSolution
		Debug|Any CPU = Debug|Any CPU
		Release|Any CPU = Release|Any CPU
	EndGlobalSection
	GlobalSection(ProjectConfigurationPlatforms) = postSolution
		{E00984E1-33A0-4BD8-94B8-3C733053C43E}.Debug|Any CPU.ActiveCfg = Debug|Any CPU
		{E00984E1-33A0-4BD8-94B8-3C733053C43E}.Debug|Any CPU.Build.0 = Debug|Any CPU
		{E00984E1-33A0-4BD8-94B8-3C733053C43E}.Release|Any CPU.ActiveCfg = Release|Any CPU
		{E00984E1-33A0-4BD8-94B8-3C733053C43E}.Release|Any CPU.Build.0 = Release|Any CPU
	EndGlobalSection
	GlobalSection(SolutionProperties) = preSolution
		HideSolutionNode = FALSE
	EndGlobalSection
	GlobalSection(ExtensibilityGlobals) = postSolution
		SolutionGuid = {84559F1B-FCC3-4B8A-9CDB-8BDD25662D72}
	EndGlobalSection
EndGlobal
